
Microsoft Visual Studio Solution File, Format Version 11.00
# Visual Studio 2010
Project("{FAE04EC0-301F-11D3-BF4B-00C04F79EFBC}") = "DrRobot", "DrRobot\DrRobot.csproj", "{E81368AB-4646-49D7-82C7-0A5825437336}"
EndProject
Project("{FAE04EC0-301F-11D3-BF4B-00C04F79EFBC}") = "TestProject", "TestProject\TestProject.csproj", "{1BAD954B-D42F-4F68-9606-C4541F7B662C}"
EndProject
Project("{2150E333-8FDC-42A3-9474-1A3956D46DE8}") = "Solution Items", "Solution Items", "{2CF6FA9C-38C6-4BB2-A235-E7348661BAB1}"
	ProjectSection(SolutionItems) = preProject
		DrRobot.vsmdi = DrRobot.vsmdi
		Local.testsettings = Local.testsettings
		TraceAndTestImpact.testsettings = TraceAndTestImpact.testsettings
	EndProjectSection
EndProject
Global
	GlobalSection(TestCaseManagementSettings) = postSolution
		CategoryFile = DrRobot.vsmdi
	EndGlobalSection
	GlobalSection(SolutionConfigurationPlatforms) = preSolution
		Debug|Any CPU = Debug|Any CPU
		Release|Any CPU = Release|Any CPU
	EndGlobalSection
	GlobalSection(ProjectConfigurationPlatforms) = postSolution
		{E81368AB-4646-49D7-82C7-0A5825437336}.Debug|Any CPU.ActiveCfg = Debug|Any CPU
		{E81368AB-4646-49D7-82C7-0A5825437336}.Debug|Any CPU.Build.0 = Debug|Any CPU
		{E81368AB-4646-49D7-82C7-0A5825437336}.Release|Any CPU.ActiveCfg = Release|Any CPU
		{E81368AB-4646-49D7-82C7-0A5825437336}.Release|Any CPU.Build.0 = Release|Any CPU
		{1BAD954B-D42F-4F68-9606-C4541F7B662C}.Debug|Any CPU.ActiveCfg = Debug|Any CPU
		{1BAD954B-D42F-4F68-9606-C4541F7B662C}.Debug|Any CPU.Build.0 = Debug|Any CPU
		{1BAD954B-D42F-4F68-9606-C4541F7B662C}.Release|Any CPU.ActiveCfg = Release|Any CPU
		{1BAD954B-D42F-4F68-9606-C4541F7B662C}.Release|Any CPU.Build.0 = Release|Any CPU
	EndGlobalSection
	GlobalSection(SolutionProperties) = preSolution
		HideSolutionNode = FALSE
	EndGlobalSection
EndGlobal
